// !$*UTF8*$!
{
	archiveVersion = 1;
	classes = {
	};
	objectVersion = 46;
	objects = {

/* Begin PBXBuildFile section */
		6B5C208C1DDD0EDB0087D031 /* AppDelegate.swift in Sources */ = {isa = PBXBuildFile; fileRef = 6B5C208B1DDD0EDB0087D031 /* AppDelegate.swift */; };
		6B5C208E1DDD0EDB0087D031 /* ViewController.swift in Sources */ = {isa = PBXBuildFile; fileRef = 6B5C208D1DDD0EDB0087D031 /* ViewController.swift */; };
		6B5C20911DDD0EDB0087D031 /* Main.storyboard in Resources */ = {isa = PBXBuildFile; fileRef = 6B5C208F1DDD0EDB0087D031 /* Main.storyboard */; };
		6B5C20931DDD0EDB0087D031 /* Assets.xcassets in Resources */ = {isa = PBXBuildFile; fileRef = 6B5C20921DDD0EDB0087D031 /* Assets.xcassets */; };
		6B5C20961DDD0EDB0087D031 /* LaunchScreen.storyboard in Resources */ = {isa = PBXBuildFile; fileRef = 6B5C20941DDD0EDB0087D031 /* LaunchScreen.storyboard */; };
		6B5C20A11DDD0EDC0087D031 /* AmusementParkPart1Tests.swift in Sources */ = {isa = PBXBuildFile; fileRef = 6B5C20A01DDD0EDC0087D031 /* AmusementParkPart1Tests.swift */; };
		6B5C20AC1DDD0EDC0087D031 /* AmusementParkPart1UITests.swift in Sources */ = {isa = PBXBuildFile; fileRef = 6B5C20AB1DDD0EDC0087D031 /* AmusementParkPart1UITests.swift */; };
		6B5C20BA1DDD0FA80087D031 /* PassApplication.swift in Sources */ = {isa = PBXBuildFile; fileRef = 6B5C20B91DDD0FA80087D031 /* PassApplication.swift */; };
		6B5C20BC1DDD0FDE0087D031 /* AccessPermission.swift in Sources */ = {isa = PBXBuildFile; fileRef = 6B5C20BB1DDD0FDE0087D031 /* AccessPermission.swift */; };
		6B5C20BE1DDD100D0087D031 /* Describable.swift in Sources */ = {isa = PBXBuildFile; fileRef = 6B5C20BD1DDD100D0087D031 /* Describable.swift */; };
		6B5C20C31DDD10AB0087D031 /* PassGenerator.swift in Sources */ = {isa = PBXBuildFile; fileRef = 6B5C20C21DDD10AB0087D031 /* PassGenerator.swift */; };
		6B5C20C51DDD10D90087D031 /* Pass.swift in Sources */ = {isa = PBXBuildFile; fileRef = 6B5C20C41DDD10D90087D031 /* Pass.swift */; };
		6B5C20C71DDD11D30087D031 /* DateHelper.swift in Sources */ = {isa = PBXBuildFile; fileRef = 6B5C20C61DDD11D30087D031 /* DateHelper.swift */; };
		6B7ECF941DDD60D40063FDCA /* AccessDenied.wav in Resources */ = {isa = PBXBuildFile; fileRef = 6B7ECF921DDD60D40063FDCA /* AccessDenied.wav */; };
		6B7ECF951DDD60D40063FDCA /* AccessGranted.wav in Resources */ = {isa = PBXBuildFile; fileRef = 6B7ECF931DDD60D40063FDCA /* AccessGranted.wav */; };
		6B7ECF971DDD62E80063FDCA /* SoundManager.swift in Sources */ = {isa = PBXBuildFile; fileRef = 6B7ECF961DDD62E80063FDCA /* SoundManager.swift */; };
		6B7ECF9B1DDE3D480063FDCA /* BirthdayCheckable.swift in Sources */ = {isa = PBXBuildFile; fileRef = 6B7ECF9A1DDE3D480063FDCA /* BirthdayCheckable.swift */; };
		6B7ECF9D1DDE3EB30063FDCA /* CanSwipe.swift in Sources */ = {isa = PBXBuildFile; fileRef = 6B7ECF9C1DDE3EB30063FDCA /* CanSwipe.swift */; };
		6B7ECF9F1DDE80C70063FDCA /* DingsOrBuzzes.swift in Sources */ = {isa = PBXBuildFile; fileRef = 6B7ECF9E1DDE80C70063FDCA /* DingsOrBuzzes.swift */; };
		6B7ECFA21DDEB5CF0063FDCA /* ReswipeCheckable.swift in Sources */ = {isa = PBXBuildFile; fileRef = 6B7ECFA11DDEB5CF0063FDCA /* ReswipeCheckable.swift */; };
/* End PBXBuildFile section */

/* Begin PBXContainerItemProxy section */
		6B5C209D1DDD0EDC0087D031 /* PBXContainerItemProxy */ = {
			isa = PBXContainerItemProxy;
			containerPortal = 6B5C20801DDD0EDB0087D031 /* Project object */;
			proxyType = 1;
			remoteGlobalIDString = 6B5C20871DDD0EDB0087D031;
			remoteInfo = AmusementParkPart1;
		};
		6B5C20A81DDD0EDC0087D031 /* PBXContainerItemProxy */ = {
			isa = PBXContainerItemProxy;
			containerPortal = 6B5C20801DDD0EDB0087D031 /* Project object */;
			proxyType = 1;
			remoteGlobalIDString = 6B5C20871DDD0EDB0087D031;
			remoteInfo = AmusementParkPart1;
		};
/* End PBXContainerItemProxy section */

/* Begin PBXFileReference section */
		6B5C20881DDD0EDB0087D031 /* AmusementParkPart1.app */ = {isa = PBXFileReference; explicitFileType = wrapper.application; includeInIndex = 0; path = AmusementParkPart1.app; sourceTree = BUILT_PRODUCTS_DIR; };
		6B5C208B1DDD0EDB0087D031 /* AppDelegate.swift */ = {isa = PBXFileReference; lastKnownFileType = sourcecode.swift; path = AppDelegate.swift; sourceTree = "<group>"; };
		6B5C208D1DDD0EDB0087D031 /* ViewController.swift */ = {isa = PBXFileReference; lastKnownFileType = sourcecode.swift; path = ViewController.swift; sourceTree = "<group>"; };
		6B5C20901DDD0EDB0087D031 /* Base */ = {isa = PBXFileReference; lastKnownFileType = file.storyboard; name = Base; path = Base.lproj/Main.storyboard; sourceTree = "<group>"; };
		6B5C20921DDD0EDB0087D031 /* Assets.xcassets */ = {isa = PBXFileReference; lastKnownFileType = folder.assetcatalog; path = Assets.xcassets; sourceTree = "<group>"; };
		6B5C20951DDD0EDB0087D031 /* Base */ = {isa = PBXFileReference; lastKnownFileType = file.storyboard; name = Base; path = Base.lproj/LaunchScreen.storyboard; sourceTree = "<group>"; };
		6B5C20971DDD0EDB0087D031 /* Info.plist */ = {isa = PBXFileReference; lastKnownFileType = text.plist.xml; path = Info.plist; sourceTree = "<group>"; };
		6B5C209C1DDD0EDC0087D031 /* AmusementParkPart1Tests.xctest */ = {isa = PBXFileReference; explicitFileType = wrapper.cfbundle; includeInIndex = 0; path = AmusementParkPart1Tests.xctest; sourceTree = BUILT_PRODUCTS_DIR; };
		6B5C20A01DDD0EDC0087D031 /* AmusementParkPart1Tests.swift */ = {isa = PBXFileReference; lastKnownFileType = sourcecode.swift; path = AmusementParkPart1Tests.swift; sourceTree = "<group>"; };
		6B5C20A21DDD0EDC0087D031 /* Info.plist */ = {isa = PBXFileReference; lastKnownFileType = text.plist.xml; path = Info.plist; sourceTree = "<group>"; };
		6B5C20A71DDD0EDC0087D031 /* AmusementParkPart1UITests.xctest */ = {isa = PBXFileReference; explicitFileType = wrapper.cfbundle; includeInIndex = 0; path = AmusementParkPart1UITests.xctest; sourceTree = BUILT_PRODUCTS_DIR; };
		6B5C20AB1DDD0EDC0087D031 /* AmusementParkPart1UITests.swift */ = {isa = PBXFileReference; lastKnownFileType = sourcecode.swift; path = AmusementParkPart1UITests.swift; sourceTree = "<group>"; };
		6B5C20AD1DDD0EDC0087D031 /* Info.plist */ = {isa = PBXFileReference; lastKnownFileType = text.plist.xml; path = Info.plist; sourceTree = "<group>"; };
		6B5C20B91DDD0FA80087D031 /* PassApplication.swift */ = {isa = PBXFileReference; fileEncoding = 4; lastKnownFileType = sourcecode.swift; path = PassApplication.swift; sourceTree = "<group>"; };
		6B5C20BB1DDD0FDE0087D031 /* AccessPermission.swift */ = {isa = PBXFileReference; fileEncoding = 4; lastKnownFileType = sourcecode.swift; path = AccessPermission.swift; sourceTree = "<group>"; };
		6B5C20BD1DDD100D0087D031 /* Describable.swift */ = {isa = PBXFileReference; fileEncoding = 4; lastKnownFileType = sourcecode.swift; path = Describable.swift; sourceTree = "<group>"; };
		6B5C20C21DDD10AB0087D031 /* PassGenerator.swift */ = {isa = PBXFileReference; fileEncoding = 4; lastKnownFileType = sourcecode.swift; path = PassGenerator.swift; sourceTree = "<group>"; };
		6B5C20C41DDD10D90087D031 /* Pass.swift */ = {isa = PBXFileReference; fileEncoding = 4; lastKnownFileType = sourcecode.swift; path = Pass.swift; sourceTree = "<group>"; };
		6B5C20C61DDD11D30087D031 /* DateHelper.swift */ = {isa = PBXFileReference; fileEncoding = 4; lastKnownFileType = sourcecode.swift; path = DateHelper.swift; sourceTree = "<group>"; };
		6B7ECF921DDD60D40063FDCA /* AccessDenied.wav */ = {isa = PBXFileReference; lastKnownFileType = audio.wav; path = AccessDenied.wav; sourceTree = "<group>"; };
		6B7ECF931DDD60D40063FDCA /* AccessGranted.wav */ = {isa = PBXFileReference; lastKnownFileType = audio.wav; path = AccessGranted.wav; sourceTree = "<group>"; };
		6B7ECF961DDD62E80063FDCA /* SoundManager.swift */ = {isa = PBXFileReference; fileEncoding = 4; lastKnownFileType = sourcecode.swift; path = SoundManager.swift; sourceTree = "<group>"; };
		6B7ECF9A1DDE3D480063FDCA /* BirthdayCheckable.swift */ = {isa = PBXFileReference; fileEncoding = 4; lastKnownFileType = sourcecode.swift; path = BirthdayCheckable.swift; sourceTree = "<group>"; };
		6B7ECF9C1DDE3EB30063FDCA /* CanSwipe.swift */ = {isa = PBXFileReference; fileEncoding = 4; lastKnownFileType = sourcecode.swift; path = CanSwipe.swift; sourceTree = "<group>"; };
		6B7ECF9E1DDE80C70063FDCA /* DingsOrBuzzes.swift */ = {isa = PBXFileReference; fileEncoding = 4; lastKnownFileType = sourcecode.swift; path = DingsOrBuzzes.swift; sourceTree = "<group>"; };
		6B7ECFA11DDEB5CF0063FDCA /* ReswipeCheckable.swift */ = {isa = PBXFileReference; fileEncoding = 4; lastKnownFileType = sourcecode.swift; path = ReswipeCheckable.swift; sourceTree = "<group>"; };
/* End PBXFileReference section */

/* Begin PBXFrameworksBuildPhase section */
		6B5C20851DDD0EDB0087D031 /* Frameworks */ = {
			isa = PBXFrameworksBuildPhase;
			buildActionMask = 2147483647;
			files = (
			);
			runOnlyForDeploymentPostprocessing = 0;
		};
		6B5C20991DDD0EDC0087D031 /* Frameworks */ = {
			isa = PBXFrameworksBuildPhase;
			buildActionMask = 2147483647;
			files = (
			);
			runOnlyForDeploymentPostprocessing = 0;
		};
		6B5C20A41DDD0EDC0087D031 /* Frameworks */ = {
			isa = PBXFrameworksBuildPhase;
			buildActionMask = 2147483647;
			files = (
			);
			runOnlyForDeploymentPostprocessing = 0;
		};
/* End PBXFrameworksBuildPhase section */

/* Begin PBXGroup section */
		6B5C207F1DDD0EDB0087D031 = {
			isa = PBXGroup;
			children = (
				6B5C208A1DDD0EDB0087D031 /* AmusementParkPart1 */,
				6B5C209F1DDD0EDC0087D031 /* AmusementParkPart1Tests */,
				6B5C20AA1DDD0EDC0087D031 /* AmusementParkPart1UITests */,
				6B5C20891DDD0EDB0087D031 /* Products */,
			);
			sourceTree = "<group>";
		};
		6B5C20891DDD0EDB0087D031 /* Products */ = {
			isa = PBXGroup;
			children = (
				6B5C20881DDD0EDB0087D031 /* AmusementParkPart1.app */,
				6B5C209C1DDD0EDC0087D031 /* AmusementParkPart1Tests.xctest */,
				6B5C20A71DDD0EDC0087D031 /* AmusementParkPart1UITests.xctest */,
			);
			name = Products;
			sourceTree = "<group>";
		};
		6B5C208A1DDD0EDB0087D031 /* AmusementParkPart1 */ = {
			isa = PBXGroup;
			children = (
				6B5C208B1DDD0EDB0087D031 /* AppDelegate.swift */,
				6B5C208D1DDD0EDB0087D031 /* ViewController.swift */,
				6B7ECFA01DDE814D0063FDCA /* Sounds */,
				6B5C20C81DDD11D70087D031 /* HomeGrown */,
				6B5C20C11DDD10680087D031 /* Model */,
				6B7ECF911DDD60920063FDCA /* Assets */,
				6B5C208F1DDD0EDB0087D031 /* Main.storyboard */,
				6B5C20921DDD0EDB0087D031 /* Assets.xcassets */,
				6B5C20941DDD0EDB0087D031 /* LaunchScreen.storyboard */,
				6B5C20971DDD0EDB0087D031 /* Info.plist */,
			);
			path = AmusementParkPart1;
			sourceTree = "<group>";
		};
		6B5C209F1DDD0EDC0087D031 /* AmusementParkPart1Tests */ = {
			isa = PBXGroup;
			children = (
				6B5C20A01DDD0EDC0087D031 /* AmusementParkPart1Tests.swift */,
				6B5C20A21DDD0EDC0087D031 /* Info.plist */,
			);
			path = AmusementParkPart1Tests;
			sourceTree = "<group>";
		};
		6B5C20AA1DDD0EDC0087D031 /* AmusementParkPart1UITests */ = {
			isa = PBXGroup;
			children = (
				6B5C20AB1DDD0EDC0087D031 /* AmusementParkPart1UITests.swift */,
				6B5C20AD1DDD0EDC0087D031 /* Info.plist */,
			);
			path = AmusementParkPart1UITests;
			sourceTree = "<group>";
		};
		6B5C20C11DDD10680087D031 /* Model */ = {
			isa = PBXGroup;
			children = (
				6B5C20B91DDD0FA80087D031 /* PassApplication.swift */,
				6B5C20BB1DDD0FDE0087D031 /* AccessPermission.swift */,
				6B7ECF9A1DDE3D480063FDCA /* BirthdayCheckable.swift */,
				6B5C20BD1DDD100D0087D031 /* Describable.swift */,
				6B5C20C21DDD10AB0087D031 /* PassGenerator.swift */,
				6B5C20C41DDD10D90087D031 /* Pass.swift */,
				6B7ECF9C1DDE3EB30063FDCA /* CanSwipe.swift */,
				6B7ECFA11DDEB5CF0063FDCA /* ReswipeCheckable.swift */,
			);
			name = Model;
			sourceTree = "<group>";
		};
		6B5C20C81DDD11D70087D031 /* HomeGrown */ = {
			isa = PBXGroup;
			children = (
				6B5C20C61DDD11D30087D031 /* DateHelper.swift */,
			);
			name = HomeGrown;
			sourceTree = "<group>";
		};
		6B7ECF911DDD60920063FDCA /* Assets */ = {
			isa = PBXGroup;
			children = (
				6B7ECF921DDD60D40063FDCA /* AccessDenied.wav */,
				6B7ECF931DDD60D40063FDCA /* AccessGranted.wav */,
			);
			name = Assets;
			sourceTree = "<group>";
		};
		6B7ECFA01DDE814D0063FDCA /* Sounds */ = {
			isa = PBXGroup;
			children = (
				6B7ECF961DDD62E80063FDCA /* SoundManager.swift */,
				6B7ECF9E1DDE80C70063FDCA /* DingsOrBuzzes.swift */,
			);
			name = Sounds;
			sourceTree = "<group>";
		};
/* End PBXGroup section */

/* Begin PBXNativeTarget section */
		6B5C20871DDD0EDB0087D031 /* AmusementParkPart1 */ = {
			isa = PBXNativeTarget;
			buildConfigurationList = 6B5C20B01DDD0EDC0087D031 /* Build configuration list for PBXNativeTarget "AmusementParkPart1" */;
			buildPhases = (
				6B5C20841DDD0EDB0087D031 /* Sources */,
				6B5C20851DDD0EDB0087D031 /* Frameworks */,
				6B5C20861DDD0EDB0087D031 /* Resources */,
			);
			buildRules = (
			);
			dependencies = (
			);
			name = AmusementParkPart1;
			productName = AmusementParkPart1;
			productReference = 6B5C20881DDD0EDB0087D031 /* AmusementParkPart1.app */;
			productType = "com.apple.product-type.application";
		};
		6B5C209B1DDD0EDC0087D031 /* AmusementParkPart1Tests */ = {
			isa = PBXNativeTarget;
			buildConfigurationList = 6B5C20B31DDD0EDC0087D031 /* Build configuration list for PBXNativeTarget "AmusementParkPart1Tests" */;
			buildPhases = (
				6B5C20981DDD0EDC0087D031 /* Sources */,
				6B5C20991DDD0EDC0087D031 /* Frameworks */,
				6B5C209A1DDD0EDC0087D031 /* Resources */,
			);
			buildRules = (
			);
			dependencies = (
				6B5C209E1DDD0EDC0087D031 /* PBXTargetDependency */,
			);
			name = AmusementParkPart1Tests;
			productName = AmusementParkPart1Tests;
			productReference = 6B5C209C1DDD0EDC0087D031 /* AmusementParkPart1Tests.xctest */;
			productType = "com.apple.product-type.bundle.unit-test";
		};
		6B5C20A61DDD0EDC0087D031 /* AmusementParkPart1UITests */ = {
			isa = PBXNativeTarget;
			buildConfigurationList = 6B5C20B61DDD0EDC0087D031 /* Build configuration list for PBXNativeTarget "AmusementParkPart1UITests" */;
			buildPhases = (
				6B5C20A31DDD0EDC0087D031 /* Sources */,
				6B5C20A41DDD0EDC0087D031 /* Frameworks */,
				6B5C20A51DDD0EDC0087D031 /* Resources */,
			);
			buildRules = (
			);
			dependencies = (
				6B5C20A91DDD0EDC0087D031 /* PBXTargetDependency */,
			);
			name = AmusementParkPart1UITests;
			productName = AmusementParkPart1UITests;
			productReference = 6B5C20A71DDD0EDC0087D031 /* AmusementParkPart1UITests.xctest */;
			productType = "com.apple.product-type.bundle.ui-testing";
		};
/* End PBXNativeTarget section */

/* Begin PBXProject section */
		6B5C20801DDD0EDB0087D031 /* Project object */ = {
			isa = PBXProject;
			attributes = {
				LastSwiftUpdateCheck = 0800;
				LastUpgradeCheck = 0800;
				ORGANIZATIONNAME = redBred;
				TargetAttributes = {
					6B5C20871DDD0EDB0087D031 = {
						CreatedOnToolsVersion = 8.0;
						DevelopmentTeam = 646297YD5V;
						ProvisioningStyle = Automatic;
					};
					6B5C209B1DDD0EDC0087D031 = {
						CreatedOnToolsVersion = 8.0;
						DevelopmentTeam = 646297YD5V;
						ProvisioningStyle = Automatic;
						TestTargetID = 6B5C20871DDD0EDB0087D031;
					};
					6B5C20A61DDD0EDC0087D031 = {
						CreatedOnToolsVersion = 8.0;
						DevelopmentTeam = 646297YD5V;
						ProvisioningStyle = Automatic;
						TestTargetID = 6B5C20871DDD0EDB0087D031;
					};
				};
			};
			buildConfigurationList = 6B5C20831DDD0EDB0087D031 /* Build configuration list for PBXProject "AmusementParkPart1" */;
			compatibilityVersion = "Xcode 3.2";
			developmentRegion = English;
			hasScannedForEncodings = 0;
			knownRegions = (
				en,
				Base,
			);
			mainGroup = 6B5C207F1DDD0EDB0087D031;
			productRefGroup = 6B5C20891DDD0EDB0087D031 /* Products */;
			projectDirPath = "";
			projectRoot = "";
			targets = (
				6B5C20871DDD0EDB0087D031 /* AmusementParkPart1 */,
				6B5C209B1DDD0EDC0087D031 /* AmusementParkPart1Tests */,
				6B5C20A61DDD0EDC0087D031 /* AmusementParkPart1UITests */,
			);
		};
/* End PBXProject section */

/* Begin PBXResourcesBuildPhase section */
		6B5C20861DDD0EDB0087D031 /* Resources */ = {
			isa = PBXResourcesBuildPhase;
			buildActionMask = 2147483647;
			files = (
				6B5C20961DDD0EDB0087D031 /* LaunchScreen.storyboard in Resources */,
				6B7ECF951DDD60D40063FDCA /* AccessGranted.wav in Resources */,
				6B5C20931DDD0EDB0087D031 /* Assets.xcassets in Resources */,
				6B5C20911DDD0EDB0087D031 /* Main.storyboard in Resources */,
				6B7ECF941DDD60D40063FDCA /* AccessDenied.wav in Resources */,
			);
			runOnlyForDeploymentPostprocessing = 0;
		};
		6B5C209A1DDD0EDC0087D031 /* Resources */ = {
			isa = PBXResourcesBuildPhase;
			buildActionMask = 2147483647;
			files = (
			);
			runOnlyForDeploymentPostprocessing = 0;
		};
		6B5C20A51DDD0EDC0087D031 /* Resources */ = {
			isa = PBXResourcesBuildPhase;
			buildActionMask = 2147483647;
			files = (
			);
			runOnlyForDeploymentPostprocessing = 0;
		};
/* End PBXResourcesBuildPhase section */

/* Begin PBXSourcesBuildPhase section */
		6B5C20841DDD0EDB0087D031 /* Sources */ = {
			isa = PBXSourcesBuildPhase;
			buildActionMask = 2147483647;
			files = (
				6B7ECF9F1DDE80C70063FDCA /* DingsOrBuzzes.swift in Sources */,
				6B5C20BE1DDD100D0087D031 /* Describable.swift in Sources */,
				6B5C20BC1DDD0FDE0087D031 /* AccessPermission.swift in Sources */,
				6B7ECF9D1DDE3EB30063FDCA /* CanSwipe.swift in Sources */,
				6B5C208E1DDD0EDB0087D031 /* ViewController.swift in Sources */,
				6B5C20C51DDD10D90087D031 /* Pass.swift in Sources */,
				6B5C20BA1DDD0FA80087D031 /* PassApplication.swift in Sources */,
				6B5C20C71DDD11D30087D031 /* DateHelper.swift in Sources */,
				6B7ECF9B1DDE3D480063FDCA /* BirthdayCheckable.swift in Sources */,
				6B7ECFA21DDEB5CF0063FDCA /* ReswipeCheckable.swift in Sources */,
				6B5C20C31DDD10AB0087D031 /* PassGenerator.swift in Sources */,
				6B5C208C1DDD0EDB0087D031 /* AppDelegate.swift in Sources */,
				6B7ECF971DDD62E80063FDCA /* SoundManager.swift in Sources */,
			);
			runOnlyForDeploymentPostprocessing = 0;
		};
		6B5C20981DDD0EDC0087D031 /* Sources */ = {
			isa = PBXSourcesBuildPhase;
			buildActionMask = 2147483647;
			files = (
				6B5C20A11DDD0EDC0087D031 /* AmusementParkPart1Tests.swift in Sources */,
			);
			runOnlyForDeploymentPostprocessing = 0;
		};
		6B5C20A31DDD0EDC0087D031 /* Sources */ = {
			isa = PBXSourcesBuildPhase;
			buildActionMask = 2147483647;
			files = (
				6B5C20AC1DDD0EDC0087D031 /* AmusementParkPart1UITests.swift in Sources */,
			);
			runOnlyForDeploymentPostprocessing = 0;
		};
/* End PBXSourcesBuildPhase section */

/* Begin PBXTargetDependency section */
		6B5C209E1DDD0EDC0087D031 /* PBXTargetDependency */ = {
			isa = PBXTargetDependency;
			target = 6B5C20871DDD0EDB0087D031 /* AmusementParkPart1 */;
			targetProxy = 6B5C209D1DDD0EDC0087D031 /* PBXContainerItemProxy */;
		};
		6B5C20A91DDD0EDC0087D031 /* PBXTargetDependency */ = {
			isa = PBXTargetDependency;
			target = 6B5C20871DDD0EDB0087D031 /* AmusementParkPart1 */;
			targetProxy = 6B5C20A81DDD0EDC0087D031 /* PBXContainerItemProxy */;
		};
/* End PBXTargetDependency section */

/* Begin PBXVariantGroup section */
		6B5C208F1DDD0EDB0087D031 /* Main.storyboard */ = {
			isa = PBXVariantGroup;
			children = (
				6B5C20901DDD0EDB0087D031 /* Base */,
			);
			name = Main.storyboard;
			sourceTree = "<group>";
		};
		6B5C20941DDD0EDB0087D031 /* LaunchScreen.storyboard */ = {
			isa = PBXVariantGroup;
			children = (
				6B5C20951DDD0EDB0087D031 /* Base */,
			);
			name = LaunchScreen.storyboard;
			sourceTree = "<group>";
		};
/* End PBXVariantGroup section */

/* Begin XCBuildConfiguration section */
		6B5C20AE1DDD0EDC0087D031 /* Debug */ = {
			isa = XCBuildConfiguration;
			buildSettings = {
				ALWAYS_SEARCH_USER_PATHS = NO;
				CLANG_ANALYZER_NONNULL = YES;
				CLANG_CXX_LANGUAGE_STANDARD = "gnu++0x";
				CLANG_CXX_LIBRARY = "libc++";
				CLANG_ENABLE_MODULES = YES;
				CLANG_ENABLE_OBJC_ARC = YES;
				CLANG_WARN_BOOL_CONVERSION = YES;
				CLANG_WARN_CONSTANT_CONVERSION = YES;
				CLANG_WARN_DIRECT_OBJC_ISA_USAGE = YES_ERROR;
				CLANG_WARN_DOCUMENTATION_COMMENTS = YES;
				CLANG_WARN_EMPTY_BODY = YES;
				CLANG_WARN_ENUM_CONVERSION = YES;
				CLANG_WARN_INFINITE_RECURSION = YES;
				CLANG_WARN_INT_CONVERSION = YES;
				CLANG_WARN_OBJC_ROOT_CLASS = YES_ERROR;
				CLANG_WARN_SUSPICIOUS_MOVES = YES;
				CLANG_WARN_UNREACHABLE_CODE = YES;
				CLANG_WARN__DUPLICATE_METHOD_MATCH = YES;
				"CODE_SIGN_IDENTITY[sdk=iphoneos*]" = "iPhone Developer";
				COPY_PHASE_STRIP = NO;
				DEBUG_INFORMATION_FORMAT = dwarf;
				ENABLE_STRICT_OBJC_MSGSEND = YES;
				ENABLE_TESTABILITY = YES;
				GCC_C_LANGUAGE_STANDARD = gnu99;
				GCC_DYNAMIC_NO_PIC = NO;
				GCC_NO_COMMON_BLOCKS = YES;
				GCC_OPTIMIZATION_LEVEL = 0;
				GCC_PREPROCESSOR_DEFINITIONS = (
					"DEBUG=1",
					"$(inherited)",
				);
				GCC_WARN_64_TO_32_BIT_CONVERSION = YES;
				GCC_WARN_ABOUT_RETURN_TYPE = YES_ERROR;
				GCC_WARN_UNDECLARED_SELECTOR = YES;
				GCC_WARN_UNINITIALIZED_AUTOS = YES_AGGRESSIVE;
				GCC_WARN_UNUSED_FUNCTION = YES;
				GCC_WARN_UNUSED_VARIABLE = YES;
				IPHONEOS_DEPLOYMENT_TARGET = 10.0;
				MTL_ENABLE_DEBUG_INFO = YES;
				ONLY_ACTIVE_ARCH = YES;
				SDKROOT = iphoneos;
				SWIFT_ACTIVE_COMPILATION_CONDITIONS = DEBUG;
				SWIFT_OPTIMIZATION_LEVEL = "-Onone";
				TARGETED_DEVICE_FAMILY = 2;
			};
			name = Debug;
		};
		6B5C20AF1DDD0EDC0087D031 /* Release */ = {
			isa = XCBuildConfiguration;
			buildSettings = {
				ALWAYS_SEARCH_USER_PATHS = NO;
				CLANG_ANALYZER_NONNULL = YES;
				CLANG_CXX_LANGUAGE_STANDARD = "gnu++0x";
				CLANG_CXX_LIBRARY = "libc++";
				CLANG_ENABLE_MODULES = YES;
				CLANG_ENABLE_OBJC_ARC = YES;
				CLANG_WARN_BOOL_CONVERSION = YES;
				CLANG_WARN_CONSTANT_CONVERSION = YES;
				CLANG_WARN_DIRECT_OBJC_ISA_USAGE = YES_ERROR;
				CLANG_WARN_DOCUMENTATION_COMMENTS = YES;
				CLANG_WARN_EMPTY_BODY = YES;
				CLANG_WARN_ENUM_CONVERSION = YES;
				CLANG_WARN_INFINITE_RECURSION = YES;
				CLANG_WARN_INT_CONVERSION = YES;
				CLANG_WARN_OBJC_ROOT_CLASS = YES_ERROR;
				CLANG_WARN_SUSPICIOUS_MOVES = YES;
				CLANG_WARN_UNREACHABLE_CODE = YES;
				CLANG_WARN__DUPLICATE_METHOD_MATCH = YES;
				"CODE_SIGN_IDENTITY[sdk=iphoneos*]" = "iPhone Developer";
				COPY_PHASE_STRIP = NO;
				DEBUG_INFORMATION_FORMAT = "dwarf-with-dsym";
				ENABLE_NS_ASSERTIONS = NO;
				ENABLE_STRICT_OBJC_MSGSEND = YES;
				GCC_C_LANGUAGE_STANDARD = gnu99;
				GCC_NO_COMMON_BLOCKS = YES;
				GCC_WARN_64_TO_32_BIT_CONVERSION = YES;
				GCC_WARN_ABOUT_RETURN_TYPE = YES_ERROR;
				GCC_WARN_UNDECLARED_SELECTOR = YES;
				GCC_WARN_UNINITIALIZED_AUTOS = YES_AGGRESSIVE;
				GCC_WARN_UNUSED_FUNCTION = YES;
				GCC_WARN_UNUSED_VARIABLE = YES;
				IPHONEOS_DEPLOYMENT_TARGET = 10.0;
				MTL_ENABLE_DEBUG_INFO = NO;
				SDKROOT = iphoneos;
				SWIFT_OPTIMIZATION_LEVEL = "-Owholemodule";
				TARGETED_DEVICE_FAMILY = 2;
				VALIDATE_PRODUCT = YES;
			};
			name = Release;
		};
		6B5C20B11DDD0EDC0087D031 /* Debug */ = {
			isa = XCBuildConfiguration;
			buildSettings = {
				ASSETCATALOG_COMPILER_APPICON_NAME = AppIcon;
				DEVELOPMENT_TEAM = 646297YD5V;
				INFOPLIST_FILE = AmusementParkPart1/Info.plist;
				LD_RUNPATH_SEARCH_PATHS = "$(inherited) @executable_path/Frameworks";
				PRODUCT_BUNDLE_IDENTIFIER = com.redBred.AmusementParkPart1;
				PRODUCT_NAME = "$(TARGET_NAME)";
				SWIFT_VERSION = 3.0;
			};
			name = Debug;
		};
		6B5C20B21DDD0EDC0087D031 /* Release */ = {
			isa = XCBuildConfiguration;
			buildSettings = {
				ASSETCATALOG_COMPILER_APPICON_NAME = AppIcon;
				DEVELOPMENT_TEAM = 646297YD5V;
				INFOPLIST_FILE = AmusementParkPart1/Info.plist;
				LD_RUNPATH_SEARCH_PATHS = "$(inherited) @executable_path/Frameworks";
				PRODUCT_BUNDLE_IDENTIFIER = com.redBred.AmusementParkPart1;
				PRODUCT_NAME = "$(TARGET_NAME)";
				SWIFT_VERSION = 3.0;
			};
			name = Release;
		};
		6B5C20B41DDD0EDC0087D031 /* Debug */ = {
			isa = XCBuildConfiguration;
			buildSettings = {
				ALWAYS_EMBED_SWIFT_STANDARD_LIBRARIES = YES;
				BUNDLE_LOADER = "$(TEST_HOST)";
				DEVELOPMENT_TEAM = 646297YD5V;
				INFOPLIST_FILE = AmusementParkPart1Tests/Info.plist;
				LD_RUNPATH_SEARCH_PATHS = "$(inherited) @executable_path/Frameworks @loader_path/Frameworks";
				PRODUCT_BUNDLE_IDENTIFIER = com.redBred.AmusementParkPart1Tests;
				PRODUCT_NAME = "$(TARGET_NAME)";
				SWIFT_VERSION = 3.0;
				TEST_HOST = "$(BUILT_PRODUCTS_DIR)/AmusementParkPart1.app/AmusementParkPart1";
			};
			name = Debug;
		};
		6B5C20B51DDD0EDC0087D031 /* Release */ = {
			isa = XCBuildConfiguration;
			buildSettings = {
				ALWAYS_EMBED_SWIFT_STANDARD_LIBRARIES = YES;
				BUNDLE_LOADER = "$(TEST_HOST)";
				DEVELOPMENT_TEAM = 646297YD5V;
				INFOPLIST_FILE = AmusementParkPart1Tests/Info.plist;
				LD_RUNPATH_SEARCH_PATHS = "$(inherited) @executable_path/Frameworks @loader_path/Frameworks";
				PRODUCT_BUNDLE_IDENTIFIER = com.redBred.AmusementParkPart1Tests;
				PRODUCT_NAME = "$(TARGET_NAME)";
				SWIFT_VERSION = 3.0;
				TEST_HOST = "$(BUILT_PRODUCTS_DIR)/AmusementParkPart1.app/AmusementParkPart1";
			};
			name = Release;
		};
		6B5C20B71DDD0EDC0087D031 /* Debug */ = {
			isa = XCBuildConfiguration;
			buildSettings = {
				ALWAYS_EMBED_SWIFT_STANDARD_LIBRARIES = YES;
				DEVELOPMENT_TEAM = 646297YD5V;
				INFOPLIST_FILE = AmusementParkPart1UITests/Info.plist;
				LD_RUNPATH_SEARCH_PATHS = "$(inherited) @executable_path/Frameworks @loader_path/Frameworks";
				PRODUCT_BUNDLE_IDENTIFIER = com.redBred.AmusementParkPart1UITests;
				PRODUCT_NAME = "$(TARGET_NAME)";
				SWIFT_VERSION = 3.0;
				TEST_TARGET_NAME = AmusementParkPart1;
			};
			name = Debug;
		};
		6B5C20B81DDD0EDC0087D031 /* Release */ = {
			isa = XCBuildConfiguration;
			buildSettings = {
				ALWAYS_EMBED_SWIFT_STANDARD_LIBRARIES = YES;
				DEVELOPMENT_TEAM = 646297YD5V;
				INFOPLIST_FILE = AmusementParkPart1UITests/Info.plist;
				LD_RUNPATH_SEARCH_PATHS = "$(inherited) @executable_path/Frameworks @loader_path/Frameworks";
				PRODUCT_BUNDLE_IDENTIFIER = com.redBred.AmusementParkPart1UITests;
				PRODUCT_NAME = "$(TARGET_NAME)";
				SWIFT_VERSION = 3.0;
				TEST_TARGET_NAME = AmusementParkPart1;
			};
			name = Release;
		};
/* End XCBuildConfiguration section */

/* Begin XCConfigurationList section */
		6B5C20831DDD0EDB0087D031 /* Build configuration list for PBXProject "AmusementParkPart1" */ = {
			isa = XCConfigurationList;
			buildConfigurations = (
				6B5C20AE1DDD0EDC0087D031 /* Debug */,
				6B5C20AF1DDD0EDC0087D031 /* Release */,
			);
			defaultConfigurationIsVisible = 0;
			defaultConfigurationName = Release;
		};
		6B5C20B01DDD0EDC0087D031 /* Build configuration list for PBXNativeTarget "AmusementParkPart1" */ = {
			isa = XCConfigurationList;
			buildConfigurations = (
				6B5C20B11DDD0EDC0087D031 /* Debug */,
				6B5C20B21DDD0EDC0087D031 /* Release */,
			);
			defaultConfigurationIsVisible = 0;
			defaultConfigurationName = Release;
		};
		6B5C20B31DDD0EDC0087D031 /* Build configuration list for PBXNativeTarget "AmusementParkPart1Tests" */ = {
			isa = XCConfigurationList;
			buildConfigurations = (
				6B5C20B41DDD0EDC0087D031 /* Debug */,
				6B5C20B51DDD0EDC0087D031 /* Release */,
			);
			defaultConfigurationIsVisible = 0;
			defaultConfigurationName = Release;
		};
		6B5C20B61DDD0EDC0087D031 /* Build configuration list for PBXNativeTarget "AmusementParkPart1UITests" */ = {
			isa = XCConfigurationList;
			buildConfigurations = (
				6B5C20B71DDD0EDC0087D031 /* Debug */,
				6B5C20B81DDD0EDC0087D031 /* Release */,
			);
			defaultConfigurationIsVisible = 0;
			defaultConfigurationName = Release;
		};
/* End XCConfigurationList section */
	};
	rootObject = 6B5C20801DDD0EDB0087D031 /* Project object */;
}
